# generated by rye
# use `rye lock` or `rye sync` to update this lockfile
#
# last locked with the following flags:
#   pre: false
#   features: []
#   all-features: false
#   with-sources: false
#   generate-hashes: false
#   universal: false

-e file:.
asttokens==2.4.1
    # via stack-data
decorator==5.1.1
    # via ipython
executing==2.0.1
    # via stack-data
ipython==8.24.0
jedi==0.19.1
    # via ipython
lxml==5.2.1
    # via citygml2pgsql
matplotlib-inline==0.1.7
    # via ipython
munch==4.0.0
    # via citygml2pgsql
numpy==2.2.0
    # via shapely
parso==0.8.4
    # via jedi
pexpect==4.9.0
    # via ipython
prompt-toolkit==3.0.43
    # via ipython
psycopg2==2.9.9
    # via citygml2pgsql
ptyprocess==0.7.0
    # via pexpect
pure-eval==0.2.2
    # via stack-data
pygments==2.17.2
    # via ipython
pypeln==0.4.9
    # via citygml2pgsql
pyyaml==6.0.1
    # via citygml2pgsql
setuptools==69.5.1
    # via citygml2pgsql
shapely==2.0.6
    # via citygml2pgsql
six==1.16.0
    # via asttokens
snakeviz==2.2.0
stack-data==0.6.3
    # via ipython
stopit==1.1.2
    # via pypeln
tornado==6.4
    # via snakeviz
tqdm==4.66.2
    # via citygml2pgsql
traitlets==5.14.3
    # via ipython
    # via matplotlib-inline
typing-extensions==4.11.0
    # via ipython
wcwidth==0.2.13
    # via prompt-toolkit
