# generated by rye
# use `rye lock` or `rye sync` to update this lockfile
#
# last locked with the following flags:
#   pre: false
#   features: []
#   all-features: false
#   with-sources: false
#   generate-hashes: false
#   universal: false

-e file:.
lxml==5.2.1
    # via citygml2pgsql
munch==4.0.0
    # via citygml2pgsql
numpy==2.2.0
    # via shapely
psycopg2==2.9.9
    # via citygml2pgsql
pypeln==0.4.9
    # via citygml2pgsql
pyyaml==6.0.1
    # via citygml2pgsql
setuptools==69.5.1
    # via citygml2pgsql
shapely==2.0.6
    # via citygml2pgsql
stopit==1.1.2
    # via pypeln
tqdm==4.66.2
    # via citygml2pgsql
